
Microsoft Visual Studio Solution File, Format Version 12.00
# Visual Studio Version 16
VisualStudioVersion = 16.0.33927.289
MinimumVisualStudioVersion = 10.0.40219.1
Project("{2150E333-8FDC-42A3-9474-1A3956D46DE8}") = "Task0", "Task0", "{297F2334-D43B-461F-8101-418BD1CF163F}"
EndProject
Project("{FAE04EC0-301F-11D3-BF4B-00C04F79EFBC}") = "Tyuiu.SodnomovVM.Sprint2.Task0.V4", "Tyuiu.SodnomovVM.Sprint2.Task0.V4\Tyuiu.SodnomovVM.Sprint2.Task0.V4.csproj", "{4C4C4020-9796-492E-B02D-DEF68530FC1E}"
EndProject
Project("{FAE04EC0-301F-11D3-BF4B-00C04F79EFBC}") = "Tyuiu.SodnomovVM.Sprint2.Task0.V4.Lib", "Tyuiu.SodnomovVM.Sprint2.Task0.V4.Lib\Tyuiu.SodnomovVM.Sprint2.Task0.V4.Lib.csproj", "{83AD811E-8EF1-4D4C-A2DC-A4E1F554B2B7}"
EndProject
Project("{FAE04EC0-301F-11D3-BF4B-00C04F79EFBC}") = "Tyuiu.SodnomovVM.Sprint2.Task0.V4.Test", "Tyuiu.SodnomovVM.Sprint2.Task0.V4.Test\Tyuiu.SodnomovVM.Sprint2.Task0.V4.Test.csproj", "{F5938D46-074A-478D-95ED-67DE5BE83E75}"
EndProject
Project("{2150E333-8FDC-42A3-9474-1A3956D46DE8}") = "Task1", "Task1", "{A0C3FA74-8E28-4CE6-99CD-0B850509F5A5}"
EndProject
Project("{FAE04EC0-301F-11D3-BF4B-00C04F79EFBC}") = "Tyuiu.SodnomovVM.Sprint2.Task1.V13", "Tyuiu.SodnomovVM.Sprint2.Task1.V13\Tyuiu.SodnomovVM.Sprint2.Task1.V13.csproj", "{D82532DA-AC1D-4AC3-BD83-714E30ED27A2}"
EndProject
Project("{FAE04EC0-301F-11D3-BF4B-00C04F79EFBC}") = "Tyuiu.SodnomovVM.Sprint2.Task1.V13.Lib", "Tyuiu.SodnomovVM.Sprint2.Task1.V13.Lib\Tyuiu.SodnomovVM.Sprint2.Task1.V13.Lib.csproj", "{8FA8EB90-0B59-4393-B5F8-241F4C6F33D0}"
EndProject
Project("{FAE04EC0-301F-11D3-BF4B-00C04F79EFBC}") = "Tyuiu.SodnomovVM.Sprint2.Task1.V13.Test", "Tyuiu.SodnomovVM.Sprint2.Task1.V13.Test\Tyuiu.SodnomovVM.Sprint2.Task1.V13.Test.csproj", "{B1FF9714-55AA-43CE-9F4C-45A6EE6EFBF6}"
EndProject
Project("{FAE04EC0-301F-11D3-BF4B-00C04F79EFBC}") = "Tyuiu.SodnomovVM.Sprint2.Task2.V6", "Tyuiu.SodnomovVM.Sprint2.Task2.V6\Tyuiu.SodnomovVM.Sprint2.Task2.V6.csproj", "{D8BEF690-617A-451C-9908-C22F45A5C4EC}"
EndProject
Project("{2150E333-8FDC-42A3-9474-1A3956D46DE8}") = "Task2", "Task2", "{0D5F834E-5858-4B71-A8DE-CF1F44B61186}"
EndProject
Project("{FAE04EC0-301F-11D3-BF4B-00C04F79EFBC}") = "Tyuiu.SodnomovVM.Sprint2.Task2.V6.Lib", "Tyuiu.SodnomovVM.Sprint2.Task2.V6.Lib\Tyuiu.SodnomovVM.Sprint2.Task2.V6.Lib.csproj", "{8425BA85-17D8-4AF4-A030-14B12DD17B07}"
EndProject
Project("{FAE04EC0-301F-11D3-BF4B-00C04F79EFBC}") = "Tyuiu.SodnomovVM.Sprint2.Task2.V6.Test", "Tyuiu.SodnomovVM.Sprint2.Task2.V6.Test\Tyuiu.SodnomovVM.Sprint2.Task2.V6.Test.csproj", "{4ABAD263-381F-4FEB-8CB4-53971FF47E45}"
EndProject
Project("{FAE04EC0-301F-11D3-BF4B-00C04F79EFBC}") = "apapapap", "apapapap\apapapap.csproj", "{9B3AC7CC-CAFD-413E-9AE8-797B7FF34D22}"
EndProject
Project("{2150E333-8FDC-42A3-9474-1A3956D46DE8}") = "Task3", "Task3", "{D74C90D6-6395-4071-AFC3-7327F892C8F7}"
EndProject
Project("{FAE04EC0-301F-11D3-BF4B-00C04F79EFBC}") = "Tyuiu.SodnomovVM.Sprint2.Task3.V21", "Tyuiu.SodnomovVM.Sprint2.Task3.V21\Tyuiu.SodnomovVM.Sprint2.Task3.V21.csproj", "{A38E9126-12D3-441B-B7A7-36798F75B478}"
EndProject
Project("{FAE04EC0-301F-11D3-BF4B-00C04F79EFBC}") = "Tyuiu.SodnomovVM.Sprint2.Task3.V21.Test", "Tyuiu.SodnomovVM.Sprint2.Task3.V21.Test\Tyuiu.SodnomovVM.Sprint2.Task3.V21.Test.csproj", "{157E2E35-84D6-4D36-AE3E-2C0ECC19EB1B}"
EndProject
Project("{FAE04EC0-301F-11D3-BF4B-00C04F79EFBC}") = "Tyuiu.SodnomovVM.Sprint2.Task3.V21.Lib", "Tyuiu.SodnomovVM.Sprint2.Task3.V21.Lib\Tyuiu.SodnomovVM.Sprint2.Task3.V21.Lib.csproj", "{8DA7683E-1EDC-4096-8138-4C7DDB023344}"
EndProject
Project("{2150E333-8FDC-42A3-9474-1A3956D46DE8}") = "Task4", "Task4", "{0986313D-53E9-44AE-8013-D6F5258ADE0B}"
EndProject
Project("{FAE04EC0-301F-11D3-BF4B-00C04F79EFBC}") = "Tyuiu.SodnomovVM.Sprint2.Task4.V26", "Tyuiu.SodnomovVM.Sprint2.Task4.V26\Tyuiu.SodnomovVM.Sprint2.Task4.V26.csproj", "{D1FE13EB-99CF-4676-B462-DDEF865003F2}"
EndProject
Project("{FAE04EC0-301F-11D3-BF4B-00C04F79EFBC}") = "Tyuiu.SodnomovVM.Sprint2.Task4.V26.Test", "Tyuiu.SodnomovVM.Sprint2.Task4.V26.Test\Tyuiu.SodnomovVM.Sprint2.Task4.V26.Test.csproj", "{09EF202C-8DDF-465B-997E-BDAE5AF49D5A}"
EndProject
Project("{FAE04EC0-301F-11D3-BF4B-00C04F79EFBC}") = "Tyuiu.SodnomovVM.Sprint2.Task4.V26.Lib", "Tyuiu.SodnomovVM.Sprint2.Task4.V26.Lib\Tyuiu.SodnomovVM.Sprint2.Task4.V26.Lib.csproj", "{EBDB84B3-1935-4D86-8FE1-24ED6DCC46D3}"
EndProject
Project("{2150E333-8FDC-42A3-9474-1A3956D46DE8}") = "Task5", "Task5", "{A4C6E39E-8A68-4500-9120-6300823EDE61}"
EndProject
Project("{FAE04EC0-301F-11D3-BF4B-00C04F79EFBC}") = "Tyuiu.SodnomovVM.Sprint2.Task5.V6", "Tyuiu.SodnomovVM.Sprint2.Task5.V6\Tyuiu.SodnomovVM.Sprint2.Task5.V6.csproj", "{698C2FF5-E802-46C6-88CC-BB9F37057421}"
EndProject
Project("{FAE04EC0-301F-11D3-BF4B-00C04F79EFBC}") = "Tyuiu.SodnomovVM.Sprint2.Task5.V6.Lib", "Tyuiu.SodnomovVM.Sprint2.Task5.V6.Lib\Tyuiu.SodnomovVM.Sprint2.Task5.V6.Lib.csproj", "{EFDC685C-509D-4540-839D-C5028A137FDC}"
EndProject
Project("{FAE04EC0-301F-11D3-BF4B-00C04F79EFBC}") = "Tyuiu.SodnomovVM.Sprint2.Task5.V6.Test", "Tyuiu.SodnomovVM.Sprint2.Task5.V6.Test\Tyuiu.SodnomovVM.Sprint2.Task5.V6.Test.csproj", "{C306CA84-0529-4313-A037-016D290104F5}"
EndProject
Global
	GlobalSection(SolutionConfigurationPlatforms) = preSolution
		Debug|Any CPU = Debug|Any CPU
		Release|Any CPU = Release|Any CPU
	EndGlobalSection
	GlobalSection(ProjectConfigurationPlatforms) = postSolution
		{4C4C4020-9796-492E-B02D-DEF68530FC1E}.Debug|Any CPU.ActiveCfg = Debug|Any CPU
		{4C4C4020-9796-492E-B02D-DEF68530FC1E}.Debug|Any CPU.Build.0 = Debug|Any CPU
		{4C4C4020-9796-492E-B02D-DEF68530FC1E}.Release|Any CPU.ActiveCfg = Release|Any CPU
		{4C4C4020-9796-492E-B02D-DEF68530FC1E}.Release|Any CPU.Build.0 = Release|Any CPU
		{83AD811E-8EF1-4D4C-A2DC-A4E1F554B2B7}.Debug|Any CPU.ActiveCfg = Debug|Any CPU
		{83AD811E-8EF1-4D4C-A2DC-A4E1F554B2B7}.Debug|Any CPU.Build.0 = Debug|Any CPU
		{83AD811E-8EF1-4D4C-A2DC-A4E1F554B2B7}.Release|Any CPU.ActiveCfg = Release|Any CPU
		{83AD811E-8EF1-4D4C-A2DC-A4E1F554B2B7}.Release|Any CPU.Build.0 = Release|Any CPU
		{F5938D46-074A-478D-95ED-67DE5BE83E75}.Debug|Any CPU.ActiveCfg = Debug|Any CPU
		{F5938D46-074A-478D-95ED-67DE5BE83E75}.Debug|Any CPU.Build.0 = Debug|Any CPU
		{F5938D46-074A-478D-95ED-67DE5BE83E75}.Release|Any CPU.ActiveCfg = Release|Any CPU
		{F5938D46-074A-478D-95ED-67DE5BE83E75}.Release|Any CPU.Build.0 = Release|Any CPU
		{D82532DA-AC1D-4AC3-BD83-714E30ED27A2}.Debug|Any CPU.ActiveCfg = Debug|Any CPU
		{D82532DA-AC1D-4AC3-BD83-714E30ED27A2}.Debug|Any CPU.Build.0 = Debug|Any CPU
		{D82532DA-AC1D-4AC3-BD83-714E30ED27A2}.Release|Any CPU.ActiveCfg = Release|Any CPU
		{D82532DA-AC1D-4AC3-BD83-714E30ED27A2}.Release|Any CPU.Build.0 = Release|Any CPU
		{8FA8EB90-0B59-4393-B5F8-241F4C6F33D0}.Debug|Any CPU.ActiveCfg = Debug|Any CPU
		{8FA8EB90-0B59-4393-B5F8-241F4C6F33D0}.Debug|Any CPU.Build.0 = Debug|Any CPU
		{8FA8EB90-0B59-4393-B5F8-241F4C6F33D0}.Release|Any CPU.ActiveCfg = Release|Any CPU
		{8FA8EB90-0B59-4393-B5F8-241F4C6F33D0}.Release|Any CPU.Build.0 = Release|Any CPU
		{B1FF9714-55AA-43CE-9F4C-45A6EE6EFBF6}.Debug|Any CPU.ActiveCfg = Debug|Any CPU
		{B1FF9714-55AA-43CE-9F4C-45A6EE6EFBF6}.Debug|Any CPU.Build.0 = Debug|Any CPU
		{B1FF9714-55AA-43CE-9F4C-45A6EE6EFBF6}.Release|Any CPU.ActiveCfg = Release|Any CPU
		{B1FF9714-55AA-43CE-9F4C-45A6EE6EFBF6}.Release|Any CPU.Build.0 = Release|Any CPU
		{D8BEF690-617A-451C-9908-C22F45A5C4EC}.Debug|Any CPU.ActiveCfg = Debug|Any CPU
		{D8BEF690-617A-451C-9908-C22F45A5C4EC}.Debug|Any CPU.Build.0 = Debug|Any CPU
		{D8BEF690-617A-451C-9908-C22F45A5C4EC}.Release|Any CPU.ActiveCfg = Release|Any CPU
		{D8BEF690-617A-451C-9908-C22F45A5C4EC}.Release|Any CPU.Build.0 = Release|Any CPU
		{8425BA85-17D8-4AF4-A030-14B12DD17B07}.Debug|Any CPU.ActiveCfg = Debug|Any CPU
		{8425BA85-17D8-4AF4-A030-14B12DD17B07}.Debug|Any CPU.Build.0 = Debug|Any CPU
		{8425BA85-17D8-4AF4-A030-14B12DD17B07}.Release|Any CPU.ActiveCfg = Release|Any CPU
		{8425BA85-17D8-4AF4-A030-14B12DD17B07}.Release|Any CPU.Build.0 = Release|Any CPU
		{4ABAD263-381F-4FEB-8CB4-53971FF47E45}.Debug|Any CPU.ActiveCfg = Debug|Any CPU
		{4ABAD263-381F-4FEB-8CB4-53971FF47E45}.Debug|Any CPU.Build.0 = Debug|Any CPU
		{4ABAD263-381F-4FEB-8CB4-53971FF47E45}.Release|Any CPU.ActiveCfg = Release|Any CPU
		{4ABAD263-381F-4FEB-8CB4-53971FF47E45}.Release|Any CPU.Build.0 = Release|Any CPU
		{9B3AC7CC-CAFD-413E-9AE8-797B7FF34D22}.Debug|Any CPU.ActiveCfg = Debug|Any CPU
		{9B3AC7CC-CAFD-413E-9AE8-797B7FF34D22}.Debug|Any CPU.Build.0 = Debug|Any CPU
		{9B3AC7CC-CAFD-413E-9AE8-797B7FF34D22}.Release|Any CPU.ActiveCfg = Release|Any CPU
		{9B3AC7CC-CAFD-413E-9AE8-797B7FF34D22}.Release|Any CPU.Build.0 = Release|Any CPU
		{A38E9126-12D3-441B-B7A7-36798F75B478}.Debug|Any CPU.ActiveCfg = Debug|Any CPU
		{A38E9126-12D3-441B-B7A7-36798F75B478}.Debug|Any CPU.Build.0 = Debug|Any CPU
		{A38E9126-12D3-441B-B7A7-36798F75B478}.Release|Any CPU.ActiveCfg = Release|Any CPU
		{A38E9126-12D3-441B-B7A7-36798F75B478}.Release|Any CPU.Build.0 = Release|Any CPU
		{157E2E35-84D6-4D36-AE3E-2C0ECC19EB1B}.Debug|Any CPU.ActiveCfg = Debug|Any CPU
		{157E2E35-84D6-4D36-AE3E-2C0ECC19EB1B}.Debug|Any CPU.Build.0 = Debug|Any CPU
		{157E2E35-84D6-4D36-AE3E-2C0ECC19EB1B}.Release|Any CPU.ActiveCfg = Release|Any CPU
		{157E2E35-84D6-4D36-AE3E-2C0ECC19EB1B}.Release|Any CPU.Build.0 = Release|Any CPU
		{8DA7683E-1EDC-4096-8138-4C7DDB023344}.Debug|Any CPU.ActiveCfg = Debug|Any CPU
		{8DA7683E-1EDC-4096-8138-4C7DDB023344}.Debug|Any CPU.Build.0 = Debug|Any CPU
		{8DA7683E-1EDC-4096-8138-4C7DDB023344}.Release|Any CPU.ActiveCfg = Release|Any CPU
		{8DA7683E-1EDC-4096-8138-4C7DDB023344}.Release|Any CPU.Build.0 = Release|Any CPU
		{D1FE13EB-99CF-4676-B462-DDEF865003F2}.Debug|Any CPU.ActiveCfg = Debug|Any CPU
		{D1FE13EB-99CF-4676-B462-DDEF865003F2}.Debug|Any CPU.Build.0 = Debug|Any CPU
		{D1FE13EB-99CF-4676-B462-DDEF865003F2}.Release|Any CPU.ActiveCfg = Release|Any CPU
		{D1FE13EB-99CF-4676-B462-DDEF865003F2}.Release|Any CPU.Build.0 = Release|Any CPU
		{09EF202C-8DDF-465B-997E-BDAE5AF49D5A}.Debug|Any CPU.ActiveCfg = Debug|Any CPU
		{09EF202C-8DDF-465B-997E-BDAE5AF49D5A}.Debug|Any CPU.Build.0 = Debug|Any CPU
		{09EF202C-8DDF-465B-997E-BDAE5AF49D5A}.Release|Any CPU.ActiveCfg = Release|Any CPU
		{09EF202C-8DDF-465B-997E-BDAE5AF49D5A}.Release|Any CPU.Build.0 = Release|Any CPU
		{EBDB84B3-1935-4D86-8FE1-24ED6DCC46D3}.Debug|Any CPU.ActiveCfg = Debug|Any CPU
		{EBDB84B3-1935-4D86-8FE1-24ED6DCC46D3}.Debug|Any CPU.Build.0 = Debug|Any CPU
		{EBDB84B3-1935-4D86-8FE1-24ED6DCC46D3}.Release|Any CPU.ActiveCfg = Release|Any CPU
		{EBDB84B3-1935-4D86-8FE1-24ED6DCC46D3}.Release|Any CPU.Build.0 = Release|Any CPU
		{698C2FF5-E802-46C6-88CC-BB9F37057421}.Debug|Any CPU.ActiveCfg = Debug|Any CPU
		{698C2FF5-E802-46C6-88CC-BB9F37057421}.Debug|Any CPU.Build.0 = Debug|Any CPU
		{698C2FF5-E802-46C6-88CC-BB9F37057421}.Release|Any CPU.ActiveCfg = Release|Any CPU
		{698C2FF5-E802-46C6-88CC-BB9F37057421}.Release|Any CPU.Build.0 = Release|Any CPU
		{EFDC685C-509D-4540-839D-C5028A137FDC}.Debug|Any CPU.ActiveCfg = Debug|Any CPU
		{EFDC685C-509D-4540-839D-C5028A137FDC}.Debug|Any CPU.Build.0 = Debug|Any CPU
		{EFDC685C-509D-4540-839D-C5028A137FDC}.Release|Any CPU.ActiveCfg = Release|Any CPU
		{EFDC685C-509D-4540-839D-C5028A137FDC}.Release|Any CPU.Build.0 = Release|Any CPU
		{C306CA84-0529-4313-A037-016D290104F5}.Debug|Any CPU.ActiveCfg = Debug|Any CPU
		{C306CA84-0529-4313-A037-016D290104F5}.Debug|Any CPU.Build.0 = Debug|Any CPU
		{C306CA84-0529-4313-A037-016D290104F5}.Release|Any CPU.ActiveCfg = Release|Any CPU
		{C306CA84-0529-4313-A037-016D290104F5}.Release|Any CPU.Build.0 = Release|Any CPU
	EndGlobalSection
	GlobalSection(SolutionProperties) = preSolution
		HideSolutionNode = FALSE
	EndGlobalSection
	GlobalSection(NestedProjects) = preSolution
		{4C4C4020-9796-492E-B02D-DEF68530FC1E} = {297F2334-D43B-461F-8101-418BD1CF163F}
		{83AD811E-8EF1-4D4C-A2DC-A4E1F554B2B7} = {297F2334-D43B-461F-8101-418BD1CF163F}
		{F5938D46-074A-478D-95ED-67DE5BE83E75} = {297F2334-D43B-461F-8101-418BD1CF163F}
		{D82532DA-AC1D-4AC3-BD83-714E30ED27A2} = {A0C3FA74-8E28-4CE6-99CD-0B850509F5A5}
		{8FA8EB90-0B59-4393-B5F8-241F4C6F33D0} = {A0C3FA74-8E28-4CE6-99CD-0B850509F5A5}
		{B1FF9714-55AA-43CE-9F4C-45A6EE6EFBF6} = {A0C3FA74-8E28-4CE6-99CD-0B850509F5A5}
		{D8BEF690-617A-451C-9908-C22F45A5C4EC} = {0D5F834E-5858-4B71-A8DE-CF1F44B61186}
		{8425BA85-17D8-4AF4-A030-14B12DD17B07} = {0D5F834E-5858-4B71-A8DE-CF1F44B61186}
		{4ABAD263-381F-4FEB-8CB4-53971FF47E45} = {0D5F834E-5858-4B71-A8DE-CF1F44B61186}
		{A38E9126-12D3-441B-B7A7-36798F75B478} = {D74C90D6-6395-4071-AFC3-7327F892C8F7}
		{157E2E35-84D6-4D36-AE3E-2C0ECC19EB1B} = {D74C90D6-6395-4071-AFC3-7327F892C8F7}
		{8DA7683E-1EDC-4096-8138-4C7DDB023344} = {D74C90D6-6395-4071-AFC3-7327F892C8F7}
		{D1FE13EB-99CF-4676-B462-DDEF865003F2} = {0986313D-53E9-44AE-8013-D6F5258ADE0B}
		{09EF202C-8DDF-465B-997E-BDAE5AF49D5A} = {0986313D-53E9-44AE-8013-D6F5258ADE0B}
		{EBDB84B3-1935-4D86-8FE1-24ED6DCC46D3} = {0986313D-53E9-44AE-8013-D6F5258ADE0B}
		{698C2FF5-E802-46C6-88CC-BB9F37057421} = {A4C6E39E-8A68-4500-9120-6300823EDE61}
		{EFDC685C-509D-4540-839D-C5028A137FDC} = {A4C6E39E-8A68-4500-9120-6300823EDE61}
		{C306CA84-0529-4313-A037-016D290104F5} = {A4C6E39E-8A68-4500-9120-6300823EDE61}
	EndGlobalSection
	GlobalSection(ExtensibilityGlobals) = postSolution
		SolutionGuid = {5F2BC98E-69A6-4B83-B526-44BA155209B7}
	EndGlobalSection
EndGlobal
